
Microsoft Visual Studio Solution File, Format Version 12.00
#
VisualStudioVersion = 17.5.002.0
MinimumVisualStudioVersion = 
Project("{9A19103F-16F7-4668-BE54-9A1E7A4F7556}") = "Titeenipeli", "Titeenipeli\Titeenipeli.csproj", "{6D60AC2C-E10C-44EE-84B9-641E7C4514DC}"
EndProject
Project("{FAE04EC0-301F-11D3-BF4B-00C04F79EFBC}") = "Titeenipeli.Tests", "Titeenipeli.Tests\Titeenipeli.Tests.csproj", "{A6DC3A81-16D0-4F67-BD0A-F2624B30D740}"
EndProject
Project("{2150E333-8FDC-42A3-9474-1A3956D46DE8}") = "Solution Items", "Solution Items", "{FD3271D3-DCD9-4EC8-AB8B-9BAB6F87BAAF}"
	ProjectSection(SolutionItems) = preProject
		..\docker-compose.yml = ..\docker-compose.yml
		..\.env = ..\.env
		..\.env.example = ..\.env.example
	EndProjectSection
EndProject
Project("{FAE04EC0-301F-11D3-BF4B-00C04F79EFBC}") = "Titeenipeli.IntegrationTest", "Titeenipeli.IntegrationTest\Titeenipeli.IntegrationTest.csproj", "{F52DC122-CE84-44C4-8C8B-353B9D00F909}"
EndProject
Project("{FAE04EC0-301F-11D3-BF4B-00C04F79EFBC}") = "Titeenipeli.Benchmark", "Titeenipeli.Benchmark\Titeenipeli.Benchmark.csproj", "{C3068B0C-57CC-4AC9-8919-948B62C89DFF}"
EndProject
Project("{FAE04EC0-301F-11D3-BF4B-00C04F79EFBC}") = "Titeenipeli.Common", "Titeenipeli.Common\Titeenipeli.Common.csproj", "{BAA107E4-F4DD-4F1B-BAB5-ED577E88C2F8}"
EndProject
Project("{FAE04EC0-301F-11D3-BF4B-00C04F79EFBC}") = "Titeenipeli.Grpc", "Titeenipeli.Grpc\Titeenipeli.Grpc.csproj", "{E5842D8C-D160-435B-BDFF-13398B2F7301}"
EndProject
Project("{FAE04EC0-301F-11D3-BF4B-00C04F79EFBC}") = "Titeenipeli.Bot", "Titeenipeli.Bot\Titeenipeli.Bot.csproj", "{93164875-EFC6-4CB5-BA33-E93CDEE57AA0}"
EndProject
Project("{FAE04EC0-301F-11D3-BF4B-00C04F79EFBC}") = "Titeenipeli.InMemoryMapProvider", "Titeenipeli.InMemoryMapProvider\Titeenipeli.InMemoryMapProvider.csproj", "{C96AE099-A2C3-4F25-89D6-C1CB4685D1F2}"
EndProject
Project("{FAE04EC0-301F-11D3-BF4B-00C04F79EFBC}") = "Titeenipeli.SpecialEffects", "Titeenipeli.SpecialEffects\Titeenipeli.SpecialEffects.csproj", "{23617BB6-1663-4E04-AE65-6A10CD1CABB7}"
EndProject
Global
	GlobalSection(SolutionConfigurationPlatforms) = preSolution
		Debug|Any CPU = Debug|Any CPU
		Release|Any CPU = Release|Any CPU
	EndGlobalSection
	GlobalSection(ProjectConfigurationPlatforms) = postSolution
		{6D60AC2C-E10C-44EE-84B9-641E7C4514DC}.Debug|Any CPU.ActiveCfg = Debug|Any CPU
		{6D60AC2C-E10C-44EE-84B9-641E7C4514DC}.Debug|Any CPU.Build.0 = Debug|Any CPU
		{6D60AC2C-E10C-44EE-84B9-641E7C4514DC}.Release|Any CPU.ActiveCfg = Release|Any CPU
		{6D60AC2C-E10C-44EE-84B9-641E7C4514DC}.Release|Any CPU.Build.0 = Release|Any CPU
		{A6DC3A81-16D0-4F67-BD0A-F2624B30D740}.Debug|Any CPU.ActiveCfg = Debug|Any CPU
		{A6DC3A81-16D0-4F67-BD0A-F2624B30D740}.Debug|Any CPU.Build.0 = Debug|Any CPU
		{A6DC3A81-16D0-4F67-BD0A-F2624B30D740}.Release|Any CPU.ActiveCfg = Release|Any CPU
		{A6DC3A81-16D0-4F67-BD0A-F2624B30D740}.Release|Any CPU.Build.0 = Release|Any CPU
		{F52DC122-CE84-44C4-8C8B-353B9D00F909}.Debug|Any CPU.ActiveCfg = Debug|Any CPU
		{F52DC122-CE84-44C4-8C8B-353B9D00F909}.Debug|Any CPU.Build.0 = Debug|Any CPU
		{F52DC122-CE84-44C4-8C8B-353B9D00F909}.Release|Any CPU.ActiveCfg = Release|Any CPU
		{F52DC122-CE84-44C4-8C8B-353B9D00F909}.Release|Any CPU.Build.0 = Release|Any CPU
		{C3068B0C-57CC-4AC9-8919-948B62C89DFF}.Debug|Any CPU.ActiveCfg = Debug|Any CPU
		{C3068B0C-57CC-4AC9-8919-948B62C89DFF}.Debug|Any CPU.Build.0 = Debug|Any CPU
		{C3068B0C-57CC-4AC9-8919-948B62C89DFF}.Release|Any CPU.ActiveCfg = Release|Any CPU
		{C3068B0C-57CC-4AC9-8919-948B62C89DFF}.Release|Any CPU.Build.0 = Release|Any CPU
		{BAA107E4-F4DD-4F1B-BAB5-ED577E88C2F8}.Debug|Any CPU.ActiveCfg = Debug|Any CPU
		{BAA107E4-F4DD-4F1B-BAB5-ED577E88C2F8}.Debug|Any CPU.Build.0 = Debug|Any CPU
		{BAA107E4-F4DD-4F1B-BAB5-ED577E88C2F8}.Release|Any CPU.ActiveCfg = Release|Any CPU
		{BAA107E4-F4DD-4F1B-BAB5-ED577E88C2F8}.Release|Any CPU.Build.0 = Release|Any CPU
		{E5842D8C-D160-435B-BDFF-13398B2F7301}.Debug|Any CPU.ActiveCfg = Debug|Any CPU
		{E5842D8C-D160-435B-BDFF-13398B2F7301}.Debug|Any CPU.Build.0 = Debug|Any CPU
		{E5842D8C-D160-435B-BDFF-13398B2F7301}.Release|Any CPU.ActiveCfg = Release|Any CPU
		{E5842D8C-D160-435B-BDFF-13398B2F7301}.Release|Any CPU.Build.0 = Release|Any CPU
		{93164875-EFC6-4CB5-BA33-E93CDEE57AA0}.Debug|Any CPU.ActiveCfg = Debug|Any CPU
		{93164875-EFC6-4CB5-BA33-E93CDEE57AA0}.Debug|Any CPU.Build.0 = Debug|Any CPU
		{93164875-EFC6-4CB5-BA33-E93CDEE57AA0}.Release|Any CPU.ActiveCfg = Release|Any CPU
		{93164875-EFC6-4CB5-BA33-E93CDEE57AA0}.Release|Any CPU.Build.0 = Release|Any CPU
		{C96AE099-A2C3-4F25-89D6-C1CB4685D1F2}.Debug|Any CPU.ActiveCfg = Debug|Any CPU
		{C96AE099-A2C3-4F25-89D6-C1CB4685D1F2}.Debug|Any CPU.Build.0 = Debug|Any CPU
		{C96AE099-A2C3-4F25-89D6-C1CB4685D1F2}.Release|Any CPU.ActiveCfg = Release|Any CPU
		{C96AE099-A2C3-4F25-89D6-C1CB4685D1F2}.Release|Any CPU.Build.0 = Release|Any CPU
		{23617BB6-1663-4E04-AE65-6A10CD1CABB7}.Debug|Any CPU.ActiveCfg = Debug|Any CPU
		{23617BB6-1663-4E04-AE65-6A10CD1CABB7}.Debug|Any CPU.Build.0 = Debug|Any CPU
		{23617BB6-1663-4E04-AE65-6A10CD1CABB7}.Release|Any CPU.ActiveCfg = Release|Any CPU
		{23617BB6-1663-4E04-AE65-6A10CD1CABB7}.Release|Any CPU.Build.0 = Release|Any CPU
	EndGlobalSection
	GlobalSection(SolutionProperties) = preSolution
		HideSolutionNode = FALSE
	EndGlobalSection
EndGlobal
